
Microsoft Visual Studio Solution File, Format Version 12.00
# Visual Studio Version 16
VisualStudioVersion = 16.0.30225.117
MinimumVisualStudioVersion = 10.0.40219.1
Project("{9A19103F-16F7-4668-BE54-9A1E7A4F7556}") = "ResistorColor", "ResistorColor.csproj", "{6BDEDD1A-6FD3-4386-9639-E094525DAEEA}"
EndProject
Global
	GlobalSection(SolutionConfigurationPlatforms) = preSolution
		Debug|Any CPU = Debug|Any CPU
		Release|Any CPU = Release|Any CPU
	EndGlobalSection
	GlobalSection(ProjectConfigurationPlatforms) = postSolution
		{6BDEDD1A-6FD3-4386-9639-E094525DAEEA}.Debug|Any CPU.ActiveCfg = Debug|Any CPU
		{6BDEDD1A-6FD3-4386-9639-E094525DAEEA}.Debug|Any CPU.Build.0 = Debug|Any CPU
		{6BDEDD1A-6FD3-4386-9639-E094525DAEEA}.Release|Any CPU.ActiveCfg = Release|Any CPU
		{6BDEDD1A-6FD3-4386-9639-E094525DAEEA}.Release|Any CPU.Build.0 = Release|Any CPU
	EndGlobalSection
	GlobalSection(SolutionProperties) = preSolution
		HideSolutionNode = FALSE
	EndGlobalSection
	GlobalSection(ExtensibilityGlobals) = postSolution
		SolutionGuid = {56B2C0D4-CB6C-48C0-AEBF-0B0EDE58C474}
	EndGlobalSection
EndGlobal
